
Microsoft Visual Studio Solution File, Format Version 12.00
# Visual Studio Version 17
VisualStudioVersion = 17.5.33627.172
MinimumVisualStudioVersion = 10.0.40219.1
Project("{FAE04EC0-301F-11D3-BF4B-00C04F79EFBC}") = "ConsoleApp1", "ConsoleApp1\ConsoleApp1.csproj", "{94FEB41D-FBC1-42BB-855E-582B09806CF6}"
EndProject
Global
	GlobalSection(SolutionConfigurationPlatforms) = preSolution
		Debug|Any CPU = Debug|Any CPU
		Release|Any CPU = Release|Any CPU
	EndGlobalSection
	GlobalSection(ProjectConfigurationPlatforms) = postSolution
		{94FEB41D-FBC1-42BB-855E-582B09806CF6}.Debug|Any CPU.ActiveCfg = Debug|Any CPU
		{94FEB41D-FBC1-42BB-855E-582B09806CF6}.Debug|Any CPU.Build.0 = Debug|Any CPU
		{94FEB41D-FBC1-42BB-855E-582B09806CF6}.Release|Any CPU.ActiveCfg = Release|Any CPU
		{94FEB41D-FBC1-42BB-855E-582B09806CF6}.Release|Any CPU.Build.0 = Release|Any CPU
	EndGlobalSection
	GlobalSection(SolutionProperties) = preSolution
		HideSolutionNode = FALSE
	EndGlobalSection
	GlobalSection(ExtensibilityGlobals) = postSolution
		SolutionGuid = {7478D523-277A-4BE1-9234-30B79F439153}
	EndGlobalSection
EndGlobal
